
Microsoft Visual Studio Solution File, Format Version 12.00
# Visual Studio 15
VisualStudioVersion = 15.0.28307.168
MinimumVisualStudioVersion = 10.0.40219.1
Project("{FAE04EC0-301F-11D3-BF4B-00C04F79EFBC}") = "Ecosounds Desktop", "Ecosounds Desktop\Ecosounds Desktop\Ecosounds Desktop.csproj", "{D025F90A-968C-412C-BFB7-AD648AF11055}"
EndProject
Project("{FAE04EC0-301F-11D3-BF4B-00C04F79EFBC}") = "Ecosounds Desktop.Desktop", "Ecosounds Desktop\Ecosounds Desktop.Desktop\Ecosounds Desktop.Desktop.csproj", "{04994CD0-E5F2-4A50-838A-C90FCE77585E}"
EndProject
Global
	GlobalSection(SolutionConfigurationPlatforms) = preSolution
		Debug|Any CPU = Debug|Any CPU
		Release|Any CPU = Release|Any CPU
	EndGlobalSection
	GlobalSection(ProjectConfigurationPlatforms) = postSolution
		{D025F90A-968C-412C-BFB7-AD648AF11055}.Debug|Any CPU.ActiveCfg = Debug|Any CPU
		{D025F90A-968C-412C-BFB7-AD648AF11055}.Debug|Any CPU.Build.0 = Debug|Any CPU
		{D025F90A-968C-412C-BFB7-AD648AF11055}.Release|Any CPU.ActiveCfg = Release|Any CPU
		{D025F90A-968C-412C-BFB7-AD648AF11055}.Release|Any CPU.Build.0 = Release|Any CPU
		{04994CD0-E5F2-4A50-838A-C90FCE77585E}.Debug|Any CPU.ActiveCfg = Debug|Any CPU
		{04994CD0-E5F2-4A50-838A-C90FCE77585E}.Debug|Any CPU.Build.0 = Debug|Any CPU
		{04994CD0-E5F2-4A50-838A-C90FCE77585E}.Release|Any CPU.ActiveCfg = Release|Any CPU
		{04994CD0-E5F2-4A50-838A-C90FCE77585E}.Release|Any CPU.Build.0 = Release|Any CPU
	EndGlobalSection
	GlobalSection(SolutionProperties) = preSolution
		HideSolutionNode = FALSE
	EndGlobalSection
	GlobalSection(ExtensibilityGlobals) = postSolution
		SolutionGuid = {7E0F0338-D8A9-4B77-AE14-B8DCB5B917F0}
	EndGlobalSection
EndGlobal
